# THIS IS AN AUTOGENERATED FILE. DO NOT EDIT THIS FILE DIRECTLY.
# yarn lockfile v1


"@adraffy/ens-normalize@1.10.1":
  version "1.10.1"
  resolved "https://registry.npmjs.org/@adraffy/ens-normalize/-/ens-normalize-1.10.1.tgz"
  integrity sha512-96Z2IP3mYmF1Xg2cDm8f1gWGf/HUVedQ3FMifV4kG/PQ4yEP51xDtRAEfhVNt5f/uzpNkZHwWQuUcu6D6K+Ekw==

"@babel/runtime@^7.25.0":
  version "7.27.0"
  resolved "https://registry.npmjs.org/@babel/runtime/-/runtime-7.27.0.tgz"
  integrity sha512-VtPOkrdPHZsKc/clNqyi9WUA8TINkZ4cGk63UUE3u4pmB2k+ZMQRDuIOagv8UVd6j7k0T3+RRIb7beKTebNbcw==
  dependencies:
    regenerator-runtime "^0.14.0"

"@noble/curves@1.2.0":
  version "1.2.0"
  resolved "https://registry.npmjs.org/@noble/curves/-/curves-1.2.0.tgz"
  integrity sha512-oYclrNgRaM9SsBUBVbb8M6DTV7ZHRTKugureoYEncY5c65HOmRzvSiTE3y5CYaPYJA/GVkrhXEoF0M3Ya9PMnw==
  dependencies:
    "@noble/hashes" "1.3.2"

"@noble/curves@^1.3.0", "@noble/curves@^1.4.2":
  version "1.8.2"
  resolved "https://registry.npmjs.org/@noble/curves/-/curves-1.8.2.tgz"
  integrity sha512-vnI7V6lFNe0tLAuJMu+2sX+FcL14TaCWy1qiczg1VwRmPrpQCdq5ESXQMqUc2tluRNf6irBXrWbl1mGN8uaU/g==
  dependencies:
    "@noble/hashes" "1.7.2"

"@noble/hashes@1.3.2":
  version "1.3.2"
  resolved "https://registry.npmjs.org/@noble/hashes/-/hashes-1.3.2.tgz"
  integrity sha512-MVC8EAQp7MvEcm30KWENFjgR+Mkmf+D189XJTkFIlwohU5hcBbn1ZkKq7KVTi2Hme3PMGF390DaL52beVrIihQ==

"@noble/hashes@1.7.2", "@noble/hashes@^1.4.0":
  version "1.7.2"
  resolved "https://registry.npmjs.org/@noble/hashes/-/hashes-1.7.2.tgz"
  integrity sha512-biZ0NUSxyjLLqo6KxEJ1b+C2NAx0wtDoFvCaXHGgUkeHzf3Xc1xKumFKREuT7f7DARNZ/slvYUwFG6B0f2b6hQ==

"@noble/hashes@^1.2.0", "@noble/hashes@^1.3.1", "@noble/hashes@^1.3.3":
  version "1.8.0"
  resolved "https://registry.yarnpkg.com/@noble/hashes/-/hashes-1.8.0.tgz#cee43d801fcef9644b11b8194857695acd5f815a"
  integrity sha512-jCs9ldd7NwzpgXDIf6P3+NrHh9/sD6CQdxHyjQI+h/6rDNo88ypBxxz45UDuZHz9r3tNz7N/VInSVoVdtXEI4A==

"@polkadot-api/json-rpc-provider-proxy@^0.1.0":
  version "0.1.0"
  resolved "https://registry.yarnpkg.com/@polkadot-api/json-rpc-provider-proxy/-/json-rpc-provider-proxy-0.1.0.tgz#6e191f28e7d0fbbe8b540fc51d12a0adaeba297e"
  integrity sha512-8GSFE5+EF73MCuLQm8tjrbCqlgclcHBSRaswvXziJ0ZW7iw3UEMsKkkKvELayWyBuOPa2T5i1nj6gFOeIsqvrg==

"@polkadot-api/json-rpc-provider@0.0.1", "@polkadot-api/json-rpc-provider@^0.0.1":
  version "0.0.1"
  resolved "https://registry.yarnpkg.com/@polkadot-api/json-rpc-provider/-/json-rpc-provider-0.0.1.tgz#333645d40ccd9bccfd1f32503f17e4e63e76e297"
  integrity sha512-/SMC/l7foRjpykLTUTacIH05H3mr9ip8b5xxfwXlVezXrNVLp3Cv0GX6uItkKd+ZjzVPf3PFrDF2B2/HLSNESA==

"@polkadot-api/metadata-builders@0.3.2":
  version "0.3.2"
  resolved "https://registry.yarnpkg.com/@polkadot-api/metadata-builders/-/metadata-builders-0.3.2.tgz#007f158c9e0546cf79ba440befc0c753ab1a6629"
  integrity sha512-TKpfoT6vTb+513KDzMBTfCb/ORdgRnsS3TDFpOhAhZ08ikvK+hjHMt5plPiAX/OWkm1Wc9I3+K6W0hX5Ab7MVg==
  dependencies:
    "@polkadot-api/substrate-bindings" "0.6.0"
    "@polkadot-api/utils" "0.1.0"

"@polkadot-api/observable-client@^0.3.0":
  version "0.3.2"
  resolved "https://registry.yarnpkg.com/@polkadot-api/observable-client/-/observable-client-0.3.2.tgz#fd91efee350595a6e0ecfd3f294cc80de86c0cf7"
  integrity sha512-HGgqWgEutVyOBXoGOPp4+IAq6CNdK/3MfQJmhCJb8YaJiaK4W6aRGrdQuQSTPHfERHCARt9BrOmEvTXAT257Ug==
  dependencies:
    "@polkadot-api/metadata-builders" "0.3.2"
    "@polkadot-api/substrate-bindings" "0.6.0"
    "@polkadot-api/utils" "0.1.0"

"@polkadot-api/substrate-bindings@0.6.0":
  version "0.6.0"
  resolved "https://registry.yarnpkg.com/@polkadot-api/substrate-bindings/-/substrate-bindings-0.6.0.tgz#889b0c3ba19dc95282286506bf6e370a43ce119a"
  integrity sha512-lGuhE74NA1/PqdN7fKFdE5C1gNYX357j1tWzdlPXI0kQ7h3kN0zfxNOpPUN7dIrPcOFZ6C0tRRVrBylXkI6xPw==
  dependencies:
    "@noble/hashes" "^1.3.1"
    "@polkadot-api/utils" "0.1.0"
    "@scure/base" "^1.1.1"
    scale-ts "^1.6.0"

"@polkadot-api/substrate-client@^0.1.2":
  version "0.1.4"
  resolved "https://registry.yarnpkg.com/@polkadot-api/substrate-client/-/substrate-client-0.1.4.tgz#7a808e5cb85ecb9fa2b3a43945090a6c807430ce"
  integrity sha512-MljrPobN0ZWTpn++da9vOvt+Ex+NlqTlr/XT7zi9sqPtDJiQcYl+d29hFAgpaeTqbeQKZwz3WDE9xcEfLE8c5A==
  dependencies:
    "@polkadot-api/json-rpc-provider" "0.0.1"
    "@polkadot-api/utils" "0.1.0"

"@polkadot-api/utils@0.1.0":
  version "0.1.0"
  resolved "https://registry.yarnpkg.com/@polkadot-api/utils/-/utils-0.1.0.tgz#d36937cdc465c2ea302f3278cf53157340ab33a0"
  integrity sha512-MXzWZeuGxKizPx2Xf/47wx9sr/uxKw39bVJUptTJdsaQn/TGq+z310mHzf1RCGvC1diHM8f593KrnDgc9oNbJA==

"@polkadot/api-augment@15.9.2":
  version "15.9.2"
  resolved "https://registry.yarnpkg.com/@polkadot/api-augment/-/api-augment-15.9.2.tgz#cecb639f907d574cb371900cbc6539a7931f3d74"
  integrity sha512-I7hUrrWEJ+pol6DgGRWfTM71b5hzonVmWyCkE7PaTVA1rL0CANo2hwSe24Qve8zUZqtiy6q1YrTXu6HLs9DhRQ==
  dependencies:
    "@polkadot/api-base" "15.9.2"
    "@polkadot/rpc-augment" "15.9.2"
    "@polkadot/types" "15.9.2"
    "@polkadot/types-augment" "15.9.2"
    "@polkadot/types-codec" "15.9.2"
    "@polkadot/util" "^13.4.4"
    tslib "^2.8.1"

"@polkadot/api-base@15.9.2":
  version "15.9.2"
  resolved "https://registry.yarnpkg.com/@polkadot/api-base/-/api-base-15.9.2.tgz#9bb66160f7344adcb6b04727dcd1fdf449e1f16e"
  integrity sha512-PExkdWIb7zlTkIzAC0PP0fsjaJcZeF1XuPIpSOBYi54om6VR9Ks6PlLB2XEOu6oj8mCdQbYPe5tSGtVhNVA7ig==
  dependencies:
    "@polkadot/rpc-core" "15.9.2"
    "@polkadot/types" "15.9.2"
    "@polkadot/util" "^13.4.4"
    rxjs "^7.8.1"
    tslib "^2.8.1"

"@polkadot/api-derive@15.9.2":
  version "15.9.2"
  resolved "https://registry.yarnpkg.com/@polkadot/api-derive/-/api-derive-15.9.2.tgz#ea434c206809fbd4340240a958dc5b5d60845810"
  integrity sha512-/MMu8kRv30BQZzXavvRvnejRTfOHncN0HVxtlYj7hbzfUf6zxvVqpygPJszcH+/IZhuU8y31oZ2E3Wy2dGsdKA==
  dependencies:
    "@polkadot/api" "15.9.2"
    "@polkadot/api-augment" "15.9.2"
    "@polkadot/api-base" "15.9.2"
    "@polkadot/rpc-core" "15.9.2"
    "@polkadot/types" "15.9.2"
    "@polkadot/types-codec" "15.9.2"
    "@polkadot/util" "^13.4.4"
    "@polkadot/util-crypto" "^13.4.4"
    rxjs "^7.8.1"
    tslib "^2.8.1"

"@polkadot/api@15.9.2", "@polkadot/api@^15.9.2":
  version "15.9.2"
  resolved "https://registry.yarnpkg.com/@polkadot/api/-/api-15.9.2.tgz#b36c55c809f0091ac370e48677a3c597d88d2da9"
  integrity sha512-HjKI+na6f3oy9WZdLKVq4LXQoNZ3dhyQRp+7yibIq2MTwxPqlFOe/Be55IjeK2RAlSGIfLCw9rCCVA5aPBR2pA==
  dependencies:
    "@polkadot/api-augment" "15.9.2"
    "@polkadot/api-base" "15.9.2"
    "@polkadot/api-derive" "15.9.2"
    "@polkadot/keyring" "^13.4.4"
    "@polkadot/rpc-augment" "15.9.2"
    "@polkadot/rpc-core" "15.9.2"
    "@polkadot/rpc-provider" "15.9.2"
    "@polkadot/types" "15.9.2"
    "@polkadot/types-augment" "15.9.2"
    "@polkadot/types-codec" "15.9.2"
    "@polkadot/types-create" "15.9.2"
    "@polkadot/types-known" "15.9.2"
    "@polkadot/util" "^13.4.4"
    "@polkadot/util-crypto" "^13.4.4"
    eventemitter3 "^5.0.1"
    rxjs "^7.8.1"
    tslib "^2.8.1"

"@polkadot/keyring@^13.4.4":
  version "13.4.4"
  resolved "https://registry.yarnpkg.com/@polkadot/keyring/-/keyring-13.4.4.tgz#9a24ea3f2b5b554567d251ab734bf9db67baceaf"
  integrity sha512-pIm+u1lat+mGUABsCZyTm1/qgwL3NS94SC7TPtSzhzFZq6faUFNMyq1gBfTicrb7MjGFc8FlrKlGxFtudnQC9Q==
  dependencies:
    "@polkadot/util" "13.4.4"
    "@polkadot/util-crypto" "13.4.4"
    tslib "^2.8.0"

"@polkadot/networks@13.4.4", "@polkadot/networks@^13.4.4":
  version "13.4.4"
  resolved "https://registry.yarnpkg.com/@polkadot/networks/-/networks-13.4.4.tgz#aeab1dc16b3a3f216db2366c267111b804cef404"
  integrity sha512-I3g9OX3CpZbFKa1C4xQPYOJ2Y209oEb5x9lzgHuAzg64m5vr2y4azWDSQnoOrlFK5ztSrijkWe1gSME1lzy8iA==
  dependencies:
    "@polkadot/util" "13.4.4"
    "@substrate/ss58-registry" "^1.51.0"
    tslib "^2.8.0"

"@polkadot/rpc-augment@15.9.2":
  version "15.9.2"
  resolved "https://registry.yarnpkg.com/@polkadot/rpc-augment/-/rpc-augment-15.9.2.tgz#3cf7806463314200851cb8a22801ea8019627d79"
  integrity sha512-wQKo5apcBA0ab1S8aZiZ6CueFsIgrV1MJoXSBa7u+AhEv0Z79h42j8jQyKD//HKEqq06fMWgjDb8djFrRjd65A==
  dependencies:
    "@polkadot/rpc-core" "15.9.2"
    "@polkadot/types" "15.9.2"
    "@polkadot/types-codec" "15.9.2"
    "@polkadot/util" "^13.4.4"
    tslib "^2.8.1"

"@polkadot/rpc-core@15.9.2":
  version "15.9.2"
  resolved "https://registry.yarnpkg.com/@polkadot/rpc-core/-/rpc-core-15.9.2.tgz#50d62ca14b46a7d57dfb930e0a24ea008ecbd8ce"
  integrity sha512-mRrD3EdIe0r+Qd5kf8hHlK2Ft4HjNDnPBrRNH531bIUTP/fUysjuOaQb1b8y+aHGNloi3VQ+kV39gqcsErrBvQ==
  dependencies:
    "@polkadot/rpc-augment" "15.9.2"
    "@polkadot/rpc-provider" "15.9.2"
    "@polkadot/types" "15.9.2"
    "@polkadot/util" "^13.4.4"
    rxjs "^7.8.1"
    tslib "^2.8.1"

"@polkadot/rpc-provider@15.9.2":
  version "15.9.2"
  resolved "https://registry.yarnpkg.com/@polkadot/rpc-provider/-/rpc-provider-15.9.2.tgz#a221181a5961da888fb8f864b5ee8cef2916e3f1"
  integrity sha512-yKakGPz+x1GDqWi2sI6KrAApIYEya6LvUetQ/00d85vK49x8dyy9tHyVmF6abakIOf/eJ16sYgLQj8K6tlbnyg==
  dependencies:
    "@polkadot/keyring" "^13.4.4"
    "@polkadot/types" "15.9.2"
    "@polkadot/types-support" "15.9.2"
    "@polkadot/util" "^13.4.4"
    "@polkadot/util-crypto" "^13.4.4"
    "@polkadot/x-fetch" "^13.4.4"
    "@polkadot/x-global" "^13.4.4"
    "@polkadot/x-ws" "^13.4.4"
    eventemitter3 "^5.0.1"
    mock-socket "^9.3.1"
    nock "^13.5.5"
    tslib "^2.8.1"
  optionalDependencies:
    "@substrate/connect" "0.8.11"

"@polkadot/types-augment@15.9.2":
  version "15.9.2"
  resolved "https://registry.yarnpkg.com/@polkadot/types-augment/-/types-augment-15.9.2.tgz#305cc01d547ad12e1efb2a111de18f387d963467"
  integrity sha512-Dw+rs85hPoK3QU9xrzIS7Fk/40YmnUYWtesBzDjBFr+fOENocnPMKeqaI4UrHMmhbcxCA58n0Uhydqf6ZyHvgw==
  dependencies:
    "@polkadot/types" "15.9.2"
    "@polkadot/types-codec" "15.9.2"
    "@polkadot/util" "^13.4.4"
    tslib "^2.8.1"

"@polkadot/types-codec@15.9.2":
  version "15.9.2"
  resolved "https://registry.yarnpkg.com/@polkadot/types-codec/-/types-codec-15.9.2.tgz#413628a27e494a15cbbca0343b7fb0d409681d64"
  integrity sha512-O7N6kBa87Hs2oMjWy+xeA4HnXf1oep6BPzMYkgK84e2H7VqasWDymBQ2medm3A2h+53EOMfePZOE/JQfIBTuqg==
  dependencies:
    "@polkadot/util" "^13.4.4"
    "@polkadot/x-bigint" "^13.4.4"
    tslib "^2.8.1"

"@polkadot/types-create@15.9.2":
  version "15.9.2"
  resolved "https://registry.yarnpkg.com/@polkadot/types-create/-/types-create-15.9.2.tgz#66856c1081d73564a95ace8c5680ac4eff329dce"
  integrity sha512-dyzP7ShI40ofkgBtP/9aZE86g4i5BIkZK7RdW6XifzQyWBgCRmDnI9k6+wGljzU/FmwdmPmYPxKpNGvjTQ7z9A==
  dependencies:
    "@polkadot/types-codec" "15.9.2"
    "@polkadot/util" "^13.4.4"
    tslib "^2.8.1"

"@polkadot/types-known@15.9.2":
  version "15.9.2"
  resolved "https://registry.yarnpkg.com/@polkadot/types-known/-/types-known-15.9.2.tgz#20edae267230e9552db6505eaa3ea0370a0ad50b"
  integrity sha512-46LVfW0KNpj6nzEobyCYglj075FokSqACrDOq+i2zTGywNpBSix+XkCs0m3ExrIlIVage+WI4Dg3IlB5T9mxmg==
  dependencies:
    "@polkadot/networks" "^13.4.4"
    "@polkadot/types" "15.9.2"
    "@polkadot/types-codec" "15.9.2"
    "@polkadot/types-create" "15.9.2"
    "@polkadot/util" "^13.4.4"
    tslib "^2.8.1"

"@polkadot/types-support@15.9.2":
  version "15.9.2"
  resolved "https://registry.yarnpkg.com/@polkadot/types-support/-/types-support-15.9.2.tgz#fbe7d01435f5e9aef086f0baa963891fdd177b59"
  integrity sha512-0pt5vN5qcSWkzodzZimtPirAEYCSmE3YpzCLL81PEgfUyCf7gzWACvgFK7D9lC8S6Qz7Eg5pOQvSBNscFhnLXA==
  dependencies:
    "@polkadot/util" "^13.4.4"
    tslib "^2.8.1"

"@polkadot/types@15.9.2":
  version "15.9.2"
  resolved "https://registry.yarnpkg.com/@polkadot/types/-/types-15.9.2.tgz#767b7c4c84079da82f019589ed1a8672b2b788c5"
  integrity sha512-8Xv1t1SeT1r00vRCbYEUCAkFxh34zHPlQQXXeuMqoLTaBEldsrMohm5oYZTOKfIemBZGjraNBAVmXv9NMsrRrQ==
  dependencies:
    "@polkadot/keyring" "^13.4.4"
    "@polkadot/types-augment" "15.9.2"
    "@polkadot/types-codec" "15.9.2"
    "@polkadot/types-create" "15.9.2"
    "@polkadot/util" "^13.4.4"
    "@polkadot/util-crypto" "^13.4.4"
    rxjs "^7.8.1"
    tslib "^2.8.1"

"@polkadot/util-crypto@13.4.4", "@polkadot/util-crypto@^13.4.4":
  version "13.4.4"
  resolved "https://registry.yarnpkg.com/@polkadot/util-crypto/-/util-crypto-13.4.4.tgz#cd6f64481100cdea39ba6cf9ef0a2c0a058f7b4d"
  integrity sha512-xuXBNdK3Axlj1ItR6n1kH9zgaDNWri9pb/w1HDFx89bHvw6Bl79wA/oHtVGLbHZ1y/bunpsuapznyswhnsaVog==
  dependencies:
    "@noble/curves" "^1.3.0"
    "@noble/hashes" "^1.3.3"
    "@polkadot/networks" "13.4.4"
    "@polkadot/util" "13.4.4"
    "@polkadot/wasm-crypto" "^7.4.1"
    "@polkadot/wasm-util" "^7.4.1"
    "@polkadot/x-bigint" "13.4.4"
    "@polkadot/x-randomvalues" "13.4.4"
    "@scure/base" "^1.1.7"
    tslib "^2.8.0"

"@polkadot/util@13.4.4", "@polkadot/util@^13.4.4":
  version "13.4.4"
  resolved "https://registry.yarnpkg.com/@polkadot/util/-/util-13.4.4.tgz#9bae6610838f538ead8995bbfb7c4d1b1e2de92b"
  integrity sha512-Lveu+8pZLBoAyyv+8X7FI4aTOwLaNXRc9gz1wVaUoGzk5VgmKp/qbPg0a+mfJD8usjf748OVbShhjXvhV3MLiA==
  dependencies:
    "@polkadot/x-bigint" "13.4.4"
    "@polkadot/x-global" "13.4.4"
    "@polkadot/x-textdecoder" "13.4.4"
    "@polkadot/x-textencoder" "13.4.4"
    "@types/bn.js" "^5.1.6"
    bn.js "^5.2.1"
    tslib "^2.8.0"

"@polkadot/wasm-bridge@7.4.1":
  version "7.4.1"
  resolved "https://registry.yarnpkg.com/@polkadot/wasm-bridge/-/wasm-bridge-7.4.1.tgz#dd59ebb7c425657aad64b1430e8455d14d935059"
  integrity sha512-tdkJaV453tezBxhF39r4oeG0A39sPKGDJmN81LYLf+Fihb7astzwju+u75BRmDrHZjZIv00un3razJEWCxze6g==
  dependencies:
    "@polkadot/wasm-util" "7.4.1"
    tslib "^2.7.0"

"@polkadot/wasm-crypto-asmjs@7.4.1":
  version "7.4.1"
  resolved "https://registry.yarnpkg.com/@polkadot/wasm-crypto-asmjs/-/wasm-crypto-asmjs-7.4.1.tgz#5d36f3f498077f826f2bbe742070574606e673e9"
  integrity sha512-pwU8QXhUW7IberyHJIQr37IhbB6DPkCG5FhozCiNTq4vFBsFPjm9q8aZh7oX1QHQaiAZa2m2/VjIVE+FHGbvHQ==
  dependencies:
    tslib "^2.7.0"

"@polkadot/wasm-crypto-init@7.4.1":
  version "7.4.1"
  resolved "https://registry.yarnpkg.com/@polkadot/wasm-crypto-init/-/wasm-crypto-init-7.4.1.tgz#88bc61c9473a7c39d9fafb27cd631215b053b836"
  integrity sha512-AVka33+f7MvXEEIGq5U0dhaA2SaXMXnxVCQyhJTaCnJ5bRDj0Xlm3ijwDEQUiaDql7EikbkkRtmlvs95eSUWYQ==
  dependencies:
    "@polkadot/wasm-bridge" "7.4.1"
    "@polkadot/wasm-crypto-asmjs" "7.4.1"
    "@polkadot/wasm-crypto-wasm" "7.4.1"
    "@polkadot/wasm-util" "7.4.1"
    tslib "^2.7.0"

"@polkadot/wasm-crypto-wasm@7.4.1":
  version "7.4.1"
  resolved "https://registry.yarnpkg.com/@polkadot/wasm-crypto-wasm/-/wasm-crypto-wasm-7.4.1.tgz#73d08f59aaf51ed70563c0099e7852fdeda03649"
  integrity sha512-PE1OAoupFR0ZOV2O8tr7D1FEUAwaggzxtfs3Aa5gr+yxlSOaWUKeqsOYe1KdrcjmZVV3iINEAXxgrbzCmiuONg==
  dependencies:
    "@polkadot/wasm-util" "7.4.1"
    tslib "^2.7.0"

"@polkadot/wasm-crypto@^7.4.1":
  version "7.4.1"
  resolved "https://registry.yarnpkg.com/@polkadot/wasm-crypto/-/wasm-crypto-7.4.1.tgz#6d5f94d28bf92ef234b94d55b0d1f4299cbbb7b7"
  integrity sha512-kHN/kF7hYxm1y0WeFLWeWir6oTzvcFmR4N8fJJokR+ajYbdmrafPN+6iLgQVbhZnDdxyv9jWDuRRsDnBx8tPMQ==
  dependencies:
    "@polkadot/wasm-bridge" "7.4.1"
    "@polkadot/wasm-crypto-asmjs" "7.4.1"
    "@polkadot/wasm-crypto-init" "7.4.1"
    "@polkadot/wasm-crypto-wasm" "7.4.1"
    "@polkadot/wasm-util" "7.4.1"
    tslib "^2.7.0"

"@polkadot/wasm-util@7.4.1", "@polkadot/wasm-util@^7.4.1":
  version "7.4.1"
  resolved "https://registry.yarnpkg.com/@polkadot/wasm-util/-/wasm-util-7.4.1.tgz#e8cea38a3b752efdef55080bb1da795ac71c5136"
  integrity sha512-RAcxNFf3zzpkr+LX/ItAsvj+QyM56TomJ0xjUMo4wKkHjwsxkz4dWJtx5knIgQz/OthqSDMR59VNEycQeNuXzA==
  dependencies:
    tslib "^2.7.0"

"@polkadot/x-bigint@13.4.4", "@polkadot/x-bigint@^13.4.4":
  version "13.4.4"
  resolved "https://registry.yarnpkg.com/@polkadot/x-bigint/-/x-bigint-13.4.4.tgz#57fa68c90ce9729dcee57632dc4f94040c335827"
  integrity sha512-XjChwagc8TbIoWx9N1JwCMOyte417ngobin6vTmLQsgaOlK84LU0/3uc0ea9qUurPopc/Spf1mSMOFp7lRBrIA==
  dependencies:
    "@polkadot/x-global" "13.4.4"
    tslib "^2.8.0"

"@polkadot/x-fetch@^13.4.4":
  version "13.4.4"
  resolved "https://registry.yarnpkg.com/@polkadot/x-fetch/-/x-fetch-13.4.4.tgz#57145a17f642088de5b73d190f6d201ed624b2ee"
  integrity sha512-F7awPlvMgu7kW7p4/TWTH18l14zS/8Og71lVO2WZ7HD1ofGG9SQiiNDmNbXl28L1ECOBGcOD1qjVAGEEXPva0Q==
  dependencies:
    "@polkadot/x-global" "13.4.4"
    node-fetch "^3.3.2"
    tslib "^2.8.0"

"@polkadot/x-global@13.4.4", "@polkadot/x-global@^13.4.4":
  version "13.4.4"
  resolved "https://registry.yarnpkg.com/@polkadot/x-global/-/x-global-13.4.4.tgz#8d2a7cb7f11cc5c934b63064cd12a8b6ada671f0"
  integrity sha512-kwXpzTXOgL2GdMWMzynj9ZpZdjfNvDlpQdlWzDNqTBeIeuklhmhDCA7ZFj3p5OkNUnZoTxNj4zgArYO3VKmQ1g==
  dependencies:
    tslib "^2.8.0"

"@polkadot/x-randomvalues@13.4.4":
  version "13.4.4"
  resolved "https://registry.yarnpkg.com/@polkadot/x-randomvalues/-/x-randomvalues-13.4.4.tgz#98ff15b0222d837098c260ec35987158df342dd3"
  integrity sha512-y6sMx2VrXi+V6SLTsd21DJ2Un9s2S7/G1MLDu6IiDBSKcnmOHPV6X43+Y8g+r8B7d9+1+ee/hn1JV+VY+SKSdg==
  dependencies:
    "@polkadot/x-global" "13.4.4"
    tslib "^2.8.0"

"@polkadot/x-textdecoder@13.4.4":
  version "13.4.4"
  resolved "https://registry.yarnpkg.com/@polkadot/x-textdecoder/-/x-textdecoder-13.4.4.tgz#7737438a19fae4949efbf5a0259165168856ad46"
  integrity sha512-fXvM2ts0IUx6F/Fd1Yg4ypHCffmUtTSwOtFpqBPvWghKYnmvTbGVrSidGizu6as7KAp4dsum9mYKdRmScBHHzg==
  dependencies:
    "@polkadot/x-global" "13.4.4"
    tslib "^2.8.0"

"@polkadot/x-textencoder@13.4.4":
  version "13.4.4"
  resolved "https://registry.yarnpkg.com/@polkadot/x-textencoder/-/x-textencoder-13.4.4.tgz#857b67e9e4696d191a0be528b08e201b99323f10"
  integrity sha512-WpPR2vMAiXS2AN8MfolzWbo5WPEmy5FVZFgwZraJZP8RKfzEuntbY5Nb25p/PIjsPJ1zKU0DE8uVvDcGjxIo7A==
  dependencies:
    "@polkadot/x-global" "13.4.4"
    tslib "^2.8.0"

"@polkadot/x-ws@^13.4.4":
  version "13.4.4"
  resolved "https://registry.yarnpkg.com/@polkadot/x-ws/-/x-ws-13.4.4.tgz#0140f773ed68eea8b2c88ad007273fd1571f44bf"
  integrity sha512-qfbFb0Tdjsx5QawICduPTc3326SP+lEdggfyT4HmfrM50nvmCR/82TRAtEWKK7EPhXjoE/cBL/i5VO4d68DBQQ==
  dependencies:
    "@polkadot/x-global" "13.4.4"
    tslib "^2.8.0"
    ws "^8.18.0"

"@scure/base@^1.1.1", "@scure/base@^1.1.7":
  version "1.2.4"
  resolved "https://registry.yarnpkg.com/@scure/base/-/base-1.2.4.tgz#002eb571a35d69bdb4c214d0995dff76a8dcd2a9"
  integrity sha512-5Yy9czTO47mqz+/J8GM6GIId4umdCk1wc1q8rKERQulIoc8VP9pzDcghv10Tl2E7R96ZUx/PhND3ESYUQX8NuQ==

"@solana/buffer-layout@^4.0.1":
  version "4.0.1"
  resolved "https://registry.npmjs.org/@solana/buffer-layout/-/buffer-layout-4.0.1.tgz"
  integrity sha512-E1ImOIAD1tBZFRdjeM4/pzTiTApC0AOBGwyAMS4fwIodCWArzJ3DWdoh8cKxeFM2fElkxBh2Aqts1BPC373rHA==
  dependencies:
    buffer "~6.0.3"

"@solana/web3.js@^1.98.0":
  version "1.98.0"
  resolved "https://registry.npmjs.org/@solana/web3.js/-/web3.js-1.98.0.tgz"
  integrity sha512-nz3Q5OeyGFpFCR+erX2f6JPt3sKhzhYcSycBCSPkWjzSVDh/Rr1FqTVMRe58FKO16/ivTUcuJjeS5MyBvpkbzA==
  dependencies:
    "@babel/runtime" "^7.25.0"
    "@noble/curves" "^1.4.2"
    "@noble/hashes" "^1.4.0"
    "@solana/buffer-layout" "^4.0.1"
    agentkeepalive "^4.5.0"
    bigint-buffer "^1.1.5"
    bn.js "^5.2.1"
    borsh "^0.7.0"
    bs58 "^4.0.1"
    buffer "6.0.3"
    fast-stable-stringify "^1.0.0"
    jayson "^4.1.1"
    node-fetch "^2.7.0"
    rpc-websockets "^9.0.2"
    superstruct "^2.0.2"

"@substrate/connect-extension-protocol@^2.0.0":
  version "2.2.2"
  resolved "https://registry.yarnpkg.com/@substrate/connect-extension-protocol/-/connect-extension-protocol-2.2.2.tgz#2cf8f2eaf1879308d307a1a08df83cd5db918fe0"
  integrity sha512-t66jwrXA0s5Goq82ZtjagLNd7DPGCNjHeehRlE/gcJmJ+G56C0W+2plqOMRicJ8XGR1/YFnUSEqUFiSNbjGrAA==

"@substrate/connect-known-chains@^1.1.5":
  version "1.10.0"
  resolved "https://registry.yarnpkg.com/@substrate/connect-known-chains/-/connect-known-chains-1.10.0.tgz#f681b8045b3ba258bb93bc44634de5080826d281"
  integrity sha512-k0GwwxJE1twaob6qMOBalENDfOEnMt/zdAuUjbrqhjBD6EL1SAWVuTu+bpwXrznd/ims6NSN4TLp9aTf1yE5tg==

"@substrate/connect@0.8.11":
  version "0.8.11"
  resolved "https://registry.yarnpkg.com/@substrate/connect/-/connect-0.8.11.tgz#983ec69a05231636e217b573b8130a6b942af69f"
  integrity sha512-ofLs1PAO9AtDdPbdyTYj217Pe+lBfTLltdHDs3ds8no0BseoLeAGxpz1mHfi7zB4IxI3YyAiLjH6U8cw4pj4Nw==
  dependencies:
    "@substrate/connect-extension-protocol" "^2.0.0"
    "@substrate/connect-known-chains" "^1.1.5"
    "@substrate/light-client-extension-helpers" "^1.0.0"
    smoldot "2.0.26"

"@substrate/light-client-extension-helpers@^1.0.0":
  version "1.0.0"
  resolved "https://registry.yarnpkg.com/@substrate/light-client-extension-helpers/-/light-client-extension-helpers-1.0.0.tgz#7b60368c57e06e5cf798c6557422d12e6d81f1ff"
  integrity sha512-TdKlni1mBBZptOaeVrKnusMg/UBpWUORNDv5fdCaJklP4RJiFOzBCrzC+CyVI5kQzsXBisZ+2pXm+rIjS38kHg==
  dependencies:
    "@polkadot-api/json-rpc-provider" "^0.0.1"
    "@polkadot-api/json-rpc-provider-proxy" "^0.1.0"
    "@polkadot-api/observable-client" "^0.3.0"
    "@polkadot-api/substrate-client" "^0.1.2"
    "@substrate/connect-extension-protocol" "^2.0.0"
    "@substrate/connect-known-chains" "^1.1.5"
    rxjs "^7.8.1"

"@substrate/ss58-registry@^1.51.0":
  version "1.51.0"
  resolved "https://registry.yarnpkg.com/@substrate/ss58-registry/-/ss58-registry-1.51.0.tgz#39e0341eb4069c2d3e684b93f0d8cb0bec572383"
  integrity sha512-TWDurLiPxndFgKjVavCniytBIw+t4ViOi7TYp9h/D0NMmkEc9klFTo+827eyEJ0lELpqO207Ey7uGxUa+BS1jQ==

"@swc/helpers@^0.5.11":
  version "0.5.17"
  resolved "https://registry.npmjs.org/@swc/helpers/-/helpers-0.5.17.tgz"
  integrity sha512-5IKx/Y13RsYd+sauPb2x+U/xZikHjolzfuDgTAl/Tdf3Q8rslRvC19NKDLgAJQ6wsqADk10ntlv08nPFw/gO/A==
  dependencies:
    tslib "^2.8.0"

"@types/bn.js@^5.1.6":
  version "5.1.6"
  resolved "https://registry.yarnpkg.com/@types/bn.js/-/bn.js-5.1.6.tgz#9ba818eec0c85e4d3c679518428afdf611d03203"
  integrity sha512-Xh8vSwUeMKeYYrj3cX4lGQgFSF/N03r+tv4AiLl1SucqV+uTQpxRcnM8AkXKHwYP9ZPXOYXRr2KPXpVlIvqh9w==
  dependencies:
    "@types/node" "*"

"@types/connect@^3.4.33":
  version "3.4.38"
  resolved "https://registry.npmjs.org/@types/connect/-/connect-3.4.38.tgz"
  integrity sha512-K6uROf1LD88uDQqJCktA4yzL1YYAK6NgfsI0v/mTgyPKWsX1CnJ0XPSDhViejru1GcRkLWb8RlzFYJRqGUbaug==
  dependencies:
    "@types/node" "*"

"@types/node@*":
  version "22.14.1"
  resolved "https://registry.npmjs.org/@types/node/-/node-22.14.1.tgz"
  integrity sha512-u0HuPQwe/dHrItgHHpmw3N2fYCR6x4ivMNbPHRkBVP4CvN+kiRrKHWk3i8tXiO/joPwXLMYvF9TTF0eqgHIuOw==
  dependencies:
    undici-types "~6.21.0"

"@types/node@22.7.5":
  version "22.7.5"
  resolved "https://registry.npmjs.org/@types/node/-/node-22.7.5.tgz"
  integrity sha512-jML7s2NAzMWc//QSJ1a3prpk78cOPchGvXJsC3C6R6PSMoooztvRVQEz89gmBTBY1SPMaqo5teB4uNHPdetShQ==
  dependencies:
    undici-types "~6.19.2"

"@types/node@^12.12.54":
  version "12.20.55"
  resolved "https://registry.npmjs.org/@types/node/-/node-12.20.55.tgz"
  integrity sha512-J8xLz7q2OFulZ2cyGTLE1TbbZcjpno7FaN6zdJNrgAdrJ+DZzh/uFR6YrTb4C+nXakvud8Q4+rbhoIWlYQbUFQ==

"@types/uuid@^8.3.4":
  version "8.3.4"
  resolved "https://registry.npmjs.org/@types/uuid/-/uuid-8.3.4.tgz"
  integrity sha512-c/I8ZRb51j+pYGAu5CrFMRxqZ2ke4y2grEBO5AUjgSkSk+qT2Ea+OdWElz/OiMf5MNpn2b17kuVBwZLQJXzihw==

"@types/ws@^7.4.4":
  version "7.4.7"
  resolved "https://registry.npmjs.org/@types/ws/-/ws-7.4.7.tgz"
  integrity sha512-JQbbmxZTZehdc2iszGKs5oC3NFnjeay7mtAWrdt7qNtAVK0g19muApzAy4bm9byz79xa2ZnO/BOBC2R8RC5Lww==
  dependencies:
    "@types/node" "*"

"@types/ws@^8.2.2":
  version "8.18.1"
  resolved "https://registry.npmjs.org/@types/ws/-/ws-8.18.1.tgz"
  integrity sha512-ThVF6DCVhA8kUGy+aazFQ4kXQ7E1Ty7A3ypFOe0IcJV8O/M511G99AW24irKrW56Wt44yG9+ij8FaqoBGkuBXg==
  dependencies:
    "@types/node" "*"

aes-js@4.0.0-beta.5:
  version "4.0.0-beta.5"
  resolved "https://registry.npmjs.org/aes-js/-/aes-js-4.0.0-beta.5.tgz"
  integrity sha512-G965FqalsNyrPqgEGON7nIx1e/OVENSgiEIzyC63haUMuvNnwIgIjMs52hlTCKhkBny7A2ORNlfY9Zu+jmGk1Q==

agentkeepalive@^4.5.0:
  version "4.6.0"
  resolved "https://registry.npmjs.org/agentkeepalive/-/agentkeepalive-4.6.0.tgz"
  integrity sha512-kja8j7PjmncONqaTsB8fQ+wE2mSU2DJ9D4XKoJ5PFWIdRMa6SLSN1ff4mOr4jCbfRSsxR4keIiySJU0N9T5hIQ==
  dependencies:
    humanize-ms "^1.2.1"

base-x@^3.0.2:
  version "3.0.11"
  resolved "https://registry.npmjs.org/base-x/-/base-x-3.0.11.tgz"
  integrity sha512-xz7wQ8xDhdyP7tQxwdteLYeFfS68tSMNCZ/Y37WJ4bhGfKPpqEIlmIyueQHqOyoPhE6xNUqjzRr8ra0eF9VRvA==
  dependencies:
    safe-buffer "^5.0.1"

base-x@^4.0.0:
  version "4.0.1"
  resolved "https://registry.yarnpkg.com/base-x/-/base-x-4.0.1.tgz#817fb7b57143c501f649805cb247617ad016a885"
  integrity sha512-uAZ8x6r6S3aUM9rbHGVOIsR15U/ZSc82b3ymnCPsT45Gk1DDvhDPdIgB5MrhirZWt+5K0EEPQH985kNqZgNPFw==

base64-js@^1.3.1:
  version "1.5.1"
  resolved "https://registry.npmjs.org/base64-js/-/base64-js-1.5.1.tgz"
  integrity sha512-AKpaYlHn8t4SVbOHCy+b5+KKgvR4vrsD8vbvrbiQJps7fKDTkjkDry6ji0rUJjC0kzbNePLwzxq8iypo41qeWA==

bech32@^2.0.0:
  version "2.0.0"
  resolved "https://registry.yarnpkg.com/bech32/-/bech32-2.0.0.tgz#078d3686535075c8c79709f054b1b226a133b355"
  integrity sha512-LcknSilhIGatDAsY1ak2I8VtGaHNhgMSYVxFrGLXv+xLHytaKZKcaUJJUE7qmBr7h33o5YQwP55pMI0xmkpJwg==

bigint-buffer@^1.1.5:
  version "1.1.5"
  resolved "https://registry.npmjs.org/bigint-buffer/-/bigint-buffer-1.1.5.tgz"
  integrity sha512-trfYco6AoZ+rKhKnxA0hgX0HAbVP/s808/EuDSe2JDzUnCp/xAsli35Orvk67UrTEcwuxZqYZDmfA2RXJgxVvA==
  dependencies:
    bindings "^1.3.0"

bindings@^1.3.0:
  version "1.5.0"
  resolved "https://registry.npmjs.org/bindings/-/bindings-1.5.0.tgz"
  integrity sha512-p2q/t/mhvuOj/UeLlV6566GD/guowlr0hHxClI0W9m7MWYkL1F0hLo+0Aexs9HSPCtR1SXQ0TD3MMKrXZajbiQ==
  dependencies:
    file-uri-to-path "1.0.0"

bip174@^2.1.1:
  version "2.1.1"
  resolved "https://registry.yarnpkg.com/bip174/-/bip174-2.1.1.tgz#ef3e968cf76de234a546962bcf572cc150982f9f"
  integrity sha512-mdFV5+/v0XyNYXjBS6CQPLo9ekCx4gtKZFnJm5PMto7Fs9hTTDpkkzOB7/FtluRI6JbUUAu+snTYfJRgHLZbZQ==

bitcoinjs-lib@^6.1.7:
  version "6.1.7"
  resolved "https://registry.yarnpkg.com/bitcoinjs-lib/-/bitcoinjs-lib-6.1.7.tgz#0f98dec1333d658574eefa455295668cfae38bb0"
  integrity sha512-tlf/r2DGMbF7ky1MgUqXHzypYHakkEnm0SZP23CJKIqNY/5uNAnMbFhMJdhjrL/7anfb/U8+AlpdjPWjPnAalg==
  dependencies:
    "@noble/hashes" "^1.2.0"
    bech32 "^2.0.0"
    bip174 "^2.1.1"
    bs58check "^3.0.1"
    typeforce "^1.11.3"
    varuint-bitcoin "^1.1.2"

bn.js@^5.2.0, bn.js@^5.2.1:
  version "5.2.1"
  resolved "https://registry.npmjs.org/bn.js/-/bn.js-5.2.1.tgz"
  integrity sha512-eXRvHzWyYPBuB4NBy0cmYQjGitUrtqwbvlzP3G6VFnNRbsZQIxQ10PbKKHt8gZ/HW/D/747aDl+QkDqg3KQLMQ==

borsh@^0.7.0:
  version "0.7.0"
  resolved "https://registry.npmjs.org/borsh/-/borsh-0.7.0.tgz"
  integrity sha512-CLCsZGIBCFnPtkNnieW/a8wmreDmfUtjU2m9yHrzPXIlNbqVs0AQrSatSG6vdNYUqdc83tkQi2eHfF98ubzQLA==
  dependencies:
    bn.js "^5.2.0"
    bs58 "^4.0.0"
    text-encoding-utf-8 "^1.0.2"

bs58@^4.0.0, bs58@^4.0.1:
  version "4.0.1"
  resolved "https://registry.npmjs.org/bs58/-/bs58-4.0.1.tgz"
  integrity sha512-Ok3Wdf5vOIlBrgCvTq96gBkJw+JUEzdBgyaza5HLtPm7yTHkjRy8+JzNyHF7BHa0bNWOQIp3m5YF0nnFcOIKLw==
  dependencies:
    base-x "^3.0.2"

bs58@^5.0.0:
  version "5.0.0"
  resolved "https://registry.yarnpkg.com/bs58/-/bs58-5.0.0.tgz#865575b4d13c09ea2a84622df6c8cbeb54ffc279"
  integrity sha512-r+ihvQJvahgYT50JD05dyJNKlmmSlMoOGwn1lCcEzanPglg7TxYjioQUYehQ9mAR/+hOSd2jRc/Z2y5UxBymvQ==
  dependencies:
    base-x "^4.0.0"

bs58check@^3.0.1:
  version "3.0.1"
  resolved "https://registry.yarnpkg.com/bs58check/-/bs58check-3.0.1.tgz#2094d13720a28593de1cba1d8c4e48602fdd841c"
  integrity sha512-hjuuJvoWEybo7Hn/0xOrczQKKEKD63WguEjlhLExYs2wUBcebDC1jDNK17eEAD2lYfw82d5ASC1d7K3SWszjaQ==
  dependencies:
    "@noble/hashes" "^1.2.0"
    bs58 "^5.0.0"

buffer@6.0.3, buffer@^6.0.3, buffer@~6.0.3:
  version "6.0.3"
  resolved "https://registry.npmjs.org/buffer/-/buffer-6.0.3.tgz"
  integrity sha512-FTiCpNxtwiZZHEZbcbTIcZjERVICn9yq/pDFkTl95/AxzD1naBctN7YO68riM/gLSDY7sdrMby8hofADYuuqOA==
  dependencies:
    base64-js "^1.3.1"
    ieee754 "^1.2.1"

bufferutil@^4.0.1:
  version "4.0.9"
  resolved "https://registry.npmjs.org/bufferutil/-/bufferutil-4.0.9.tgz"
  integrity sha512-WDtdLmJvAuNNPzByAYpRo2rF1Mmradw6gvWsQKf63476DDXmomT9zUiGypLcG4ibIM67vhAj8jJRdbmEws2Aqw==
  dependencies:
    node-gyp-build "^4.3.0"

commander@^2.20.3:
  version "2.20.3"
  resolved "https://registry.npmjs.org/commander/-/commander-2.20.3.tgz"
  integrity sha512-GpVkmM8vF2vQUkj2LvZmD35JxeJOLCwJ9cUkugyk2nuhbv3+mJvpLYYt+0+USMxE+oj+ey/lJEnhZw75x/OMcQ==

data-uri-to-buffer@^4.0.0:
  version "4.0.1"
  resolved "https://registry.yarnpkg.com/data-uri-to-buffer/-/data-uri-to-buffer-4.0.1.tgz#d8feb2b2881e6a4f58c2e08acfd0e2834e26222e"
  integrity sha512-0R9ikRb668HB7QDxT1vkpuUBtqc53YyAwMwGeUFKRojY/NWKvdZ+9UYtRfGmhqNbRkTSVpMbmyhXipFFv2cb/A==

debug@^4.1.0:
  version "4.4.0"
  resolved "https://registry.yarnpkg.com/debug/-/debug-4.4.0.tgz#2b3f2aea2ffeb776477460267377dc8710faba8a"
  integrity sha512-6WTZ/IxCY/T6BALoZHaE4ctp9xm+Z5kY/pzYaCHRFeyVhojxlrm+46y68HA6hr0TcwEssoxNiDEUJQjfPZ/RYA==
  dependencies:
    ms "^2.1.3"

delay@^5.0.0:
  version "5.0.0"
  resolved "https://registry.npmjs.org/delay/-/delay-5.0.0.tgz"
  integrity sha512-ReEBKkIfe4ya47wlPYf/gu5ib6yUG0/Aez0JQZQz94kiWtRQvZIQbTiehsnwHvLSWJnQdhVeqYue7Id1dKr0qw==

es6-promise@^4.0.3:
  version "4.2.8"
  resolved "https://registry.npmjs.org/es6-promise/-/es6-promise-4.2.8.tgz"
  integrity sha512-HJDGx5daxeIvxdBxvG2cb9g4tEvwIk3i8+nhX0yGrYmZUzbkdg8QbDevheDB8gd0//uPj4c1EQua8Q+MViT0/w==

es6-promisify@^5.0.0:
  version "5.0.0"
  resolved "https://registry.npmjs.org/es6-promisify/-/es6-promisify-5.0.0.tgz"
  integrity sha512-C+d6UdsYDk0lMebHNR4S2NybQMMngAOnOwYBQjTOiv0MkoJMP0Myw2mgpDLBcpfCmRLxyFqYhS/CfOENq4SJhQ==
  dependencies:
    es6-promise "^4.0.3"

ethers@^6.13.5:
  version "6.13.5"
  resolved "https://registry.yarnpkg.com/ethers/-/ethers-6.13.5.tgz#8c1d6ac988ac08abc3c1d8fabbd4b8b602851ac4"
  integrity sha512-+knKNieu5EKRThQJWwqaJ10a6HE9sSehGeqWN65//wE7j47ZpFhKAnHB/JJFibwwg61I/koxaPsXbXpD/skNOQ==
  dependencies:
    "@adraffy/ens-normalize" "1.10.1"
    "@noble/curves" "1.2.0"
    "@noble/hashes" "1.3.2"
    "@types/node" "22.7.5"
    aes-js "4.0.0-beta.5"
    tslib "2.7.0"
    ws "8.17.1"

eventemitter3@^5.0.1:
  version "5.0.1"
  resolved "https://registry.npmjs.org/eventemitter3/-/eventemitter3-5.0.1.tgz"
  integrity sha512-GWkBvjiSZK87ELrYOSESUYeVIc9mvLLf/nXalMOS5dYrgZq9o5OVkbZAVM06CVxYsCwH9BDZFPlQTlPA1j4ahA==

eyes@^0.1.8:
  version "0.1.8"
  resolved "https://registry.npmjs.org/eyes/-/eyes-0.1.8.tgz"
  integrity sha512-GipyPsXO1anza0AOZdy69Im7hGFCNB7Y/NGjDlZGJ3GJJLtwNSb2vrzYrTYJRrRloVx7pl+bhUaTB8yiccPvFQ==

fast-stable-stringify@^1.0.0:
  version "1.0.0"
  resolved "https://registry.npmjs.org/fast-stable-stringify/-/fast-stable-stringify-1.0.0.tgz"
  integrity sha512-wpYMUmFu5f00Sm0cj2pfivpmawLZ0NKdviQ4w9zJeR8JVtOpOxHmLaJuj0vxvGqMJQWyP/COUkF75/57OKyRag==

fetch-blob@^3.1.2, fetch-blob@^3.1.4:
  version "3.2.0"
  resolved "https://registry.yarnpkg.com/fetch-blob/-/fetch-blob-3.2.0.tgz#f09b8d4bbd45adc6f0c20b7e787e793e309dcce9"
  integrity sha512-7yAQpD2UMJzLi1Dqv7qFYnPbaPx7ZfFK6PiIxQ4PfkGPyNyl2Ugx+a/umUonmKqjhM4DnfbMvdX6otXq83soQQ==
  dependencies:
    node-domexception "^1.0.0"
    web-streams-polyfill "^3.0.3"

file-uri-to-path@1.0.0:
  version "1.0.0"
  resolved "https://registry.npmjs.org/file-uri-to-path/-/file-uri-to-path-1.0.0.tgz"
  integrity sha512-0Zt+s3L7Vf1biwWZ29aARiVYLx7iMGnEUl9x33fbB/j3jR81u/O2LbqK+Bm1CDSNDKVtJ/YjwY7TUd5SkeLQLw==

formdata-polyfill@^4.0.10:
  version "4.0.10"
  resolved "https://registry.yarnpkg.com/formdata-polyfill/-/formdata-polyfill-4.0.10.tgz#24807c31c9d402e002ab3d8c720144ceb8848423"
  integrity sha512-buewHzMvYL29jdeQTVILecSaZKnt/RJWjoZCF5OW60Z67/GmSLBkOFM7qh1PI3zFNtJbaZL5eQu1vLfazOwj4g==
  dependencies:
    fetch-blob "^3.1.2"

humanize-ms@^1.2.1:
  version "1.2.1"
  resolved "https://registry.npmjs.org/humanize-ms/-/humanize-ms-1.2.1.tgz"
  integrity sha512-Fl70vYtsAFb/C06PTS9dZBo7ihau+Tu/DNCk/OyHhea07S+aeMWpFFkUaXRa8fI+ScZbEI8dfSxwY7gxZ9SAVQ==
  dependencies:
    ms "^2.0.0"

ieee754@^1.2.1:
  version "1.2.1"
  resolved "https://registry.npmjs.org/ieee754/-/ieee754-1.2.1.tgz"
  integrity sha512-dcyqhDvX1C46lXZcVqCpK+FtMRQVdIMN6/Df5js2zouUsqG7I6sFxitIC+7KYK29KdXOLHdu9zL4sFnoVQnqaA==

isomorphic-ws@^4.0.1:
  version "4.0.1"
  resolved "https://registry.npmjs.org/isomorphic-ws/-/isomorphic-ws-4.0.1.tgz"
  integrity sha512-BhBvN2MBpWTaSHdWRb/bwdZJ1WaehQ2L1KngkCkfLUGF0mAWAT1sQUQacEmQ0jXkFw/czDXPNQSL5u2/Krsz1w==

jayson@^4.1.1:
  version "4.2.0"
  resolved "https://registry.npmjs.org/jayson/-/jayson-4.2.0.tgz"
  integrity sha512-VfJ9t1YLwacIubLhONk0KFeosUBwstRWQ0IRT1KDjEjnVnSOVHC3uwugyV7L0c7R9lpVyrUGT2XWiBA1UTtpyg==
  dependencies:
    "@types/connect" "^3.4.33"
    "@types/node" "^12.12.54"
    "@types/ws" "^7.4.4"
    commander "^2.20.3"
    delay "^5.0.0"
    es6-promisify "^5.0.0"
    eyes "^0.1.8"
    isomorphic-ws "^4.0.1"
    json-stringify-safe "^5.0.1"
    stream-json "^1.9.1"
    uuid "^8.3.2"
    ws "^7.5.10"

json-stringify-safe@^5.0.1:
  version "5.0.1"
  resolved "https://registry.npmjs.org/json-stringify-safe/-/json-stringify-safe-5.0.1.tgz"
  integrity sha512-ZClg6AaYvamvYEE82d3Iyd3vSSIjQ+odgjaTzRuO3s7toCdFKczob2i0zCh7JE8kWn17yvAWhUVxvqGwUalsRA==

mock-socket@^9.3.1:
  version "9.3.1"
  resolved "https://registry.yarnpkg.com/mock-socket/-/mock-socket-9.3.1.tgz#24fb00c2f573c84812aa4a24181bb025de80cc8e"
  integrity sha512-qxBgB7Qa2sEQgHFjj0dSigq7fX4k6Saisd5Nelwp2q8mlbAFh5dHV9JTTlF8viYJLSSWgMCZFUom8PJcMNBoJw==

ms@^2.0.0, ms@^2.1.3:
  version "2.1.3"
  resolved "https://registry.npmjs.org/ms/-/ms-2.1.3.tgz"
  integrity sha512-6FlzubTLZG3J2a/NVCAleEhjzq5oxgHyaCU9yYXvcLsvoVaHJq/s5xXI6/XXP6tz7R9xAOtHnSO/tXtF3WRTlA==

nock@^13.5.5:
  version "13.5.6"
  resolved "https://registry.yarnpkg.com/nock/-/nock-13.5.6.tgz#5e693ec2300bbf603b61dae6df0225673e6c4997"
  integrity sha512-o2zOYiCpzRqSzPj0Zt/dQ/DqZeYoaQ7TUonc/xUPjCGl9WeHpNbxgVvOquXYAaJzI0M9BXV3HTzG0p8IUAbBTQ==
  dependencies:
    debug "^4.1.0"
    json-stringify-safe "^5.0.1"
    propagate "^2.0.0"

node-domexception@^1.0.0:
  version "1.0.0"
  resolved "https://registry.yarnpkg.com/node-domexception/-/node-domexception-1.0.0.tgz#6888db46a1f71c0b76b3f7555016b63fe64766e5"
  integrity sha512-/jKZoMpw0F8GRwl4/eLROPA3cfcXtLApP0QzLmUT/HuPCZWyB7IY9ZrMeKw2O/nFIqPQB3PVM9aYm0F312AXDQ==

node-fetch@^2.7.0:
  version "2.7.0"
  resolved "https://registry.npmjs.org/node-fetch/-/node-fetch-2.7.0.tgz"
  integrity sha512-c4FRfUm/dbcWZ7U+1Wq0AwCyFL+3nt2bEw05wfxSz+DWpWsitgmSgYmy2dQdWyKC1694ELPqMs/YzUSNozLt8A==
  dependencies:
    whatwg-url "^5.0.0"

node-fetch@^3.3.2:
  version "3.3.2"
  resolved "https://registry.yarnpkg.com/node-fetch/-/node-fetch-3.3.2.tgz#d1e889bacdf733b4ff3b2b243eb7a12866a0b78b"
  integrity sha512-dRB78srN/l6gqWulah9SrxeYnxeddIG30+GOqK/9OlLVyLg3HPnr6SqOWTWOXKRwC2eGYCkZ59NNuSgvSrpgOA==
  dependencies:
    data-uri-to-buffer "^4.0.0"
    fetch-blob "^3.1.4"
    formdata-polyfill "^4.0.10"

node-gyp-build@^4.3.0:
  version "4.8.4"
  resolved "https://registry.npmjs.org/node-gyp-build/-/node-gyp-build-4.8.4.tgz"
  integrity sha512-LA4ZjwlnUblHVgq0oBF3Jl/6h/Nvs5fzBLwdEF4nuxnFdsfajde4WfxtJr3CaiH+F6ewcIB/q4jQ4UzPyid+CQ==

propagate@^2.0.0:
  version "2.0.1"
  resolved "https://registry.yarnpkg.com/propagate/-/propagate-2.0.1.tgz#40cdedab18085c792334e64f0ac17256d38f9a45"
  integrity sha512-vGrhOavPSTz4QVNuBNdcNXePNdNMaO1xj9yBeH1ScQPjk/rhg9sSlCXPhMkFuaNNW/syTvYqsnbIJxMBfRbbag==

regenerator-runtime@^0.14.0:
  version "0.14.1"
  resolved "https://registry.npmjs.org/regenerator-runtime/-/regenerator-runtime-0.14.1.tgz"
  integrity sha512-dYnhHh0nJoMfnkZs6GmmhFknAGRrLznOu5nc9ML+EJxGvrx6H7teuevqVqCuPcPK//3eDrrjQhehXVx9cnkGdw==

rpc-websockets@^9.0.2:
  version "9.1.1"
  resolved "https://registry.npmjs.org/rpc-websockets/-/rpc-websockets-9.1.1.tgz"
  integrity sha512-1IXGM/TfPT6nfYMIXkJdzn+L4JEsmb0FL1O2OBjaH03V3yuUDdKFulGLMFG6ErV+8pZ5HVC0limve01RyO+saA==
  dependencies:
    "@swc/helpers" "^0.5.11"
    "@types/uuid" "^8.3.4"
    "@types/ws" "^8.2.2"
    buffer "^6.0.3"
    eventemitter3 "^5.0.1"
    uuid "^8.3.2"
    ws "^8.5.0"
  optionalDependencies:
    bufferutil "^4.0.1"
    utf-8-validate "^5.0.2"

rxjs@^7.8.1:
  version "7.8.2"
  resolved "https://registry.yarnpkg.com/rxjs/-/rxjs-7.8.2.tgz#955bc473ed8af11a002a2be52071bf475638607b"
  integrity sha512-dhKf903U/PQZY6boNNtAGdWbG85WAbjT/1xYoZIC7FAY0yWapOBQVsVrDl58W86//e1VpMNBtRV4MaXfdMySFA==
  dependencies:
    tslib "^2.1.0"

safe-buffer@^5.0.1, safe-buffer@^5.1.1:
  version "5.2.1"
  resolved "https://registry.npmjs.org/safe-buffer/-/safe-buffer-5.2.1.tgz"
  integrity sha512-rp3So07KcdmmKbGvgaNxQSJr7bGVSVk5S9Eq1F+ppbRo70+YeaDxkw5Dd8NPN+GD6bjnYm2VuPuCXmpuYvmCXQ==

scale-ts@^1.6.0:
  version "1.6.1"
  resolved "https://registry.yarnpkg.com/scale-ts/-/scale-ts-1.6.1.tgz#45151e156d6c04792223c39d8e7484ce926445f2"
  integrity sha512-PBMc2AWc6wSEqJYBDPcyCLUj9/tMKnLX70jLOSndMtcUoLQucP/DM0vnQo1wJAYjTrQiq8iG9rD0q6wFzgjH7g==

smoldot@2.0.26:
  version "2.0.26"
  resolved "https://registry.yarnpkg.com/smoldot/-/smoldot-2.0.26.tgz#0e64c7fcd26240fbe4c8d6b6e4b9a9aca77e00f6"
  integrity sha512-F+qYmH4z2s2FK+CxGj8moYcd1ekSIKH8ywkdqlOz88Dat35iB1DIYL11aILN46YSGMzQW/lbJNS307zBSDN5Ig==
  dependencies:
    ws "^8.8.1"

stream-chain@^2.2.5:
  version "2.2.5"
  resolved "https://registry.npmjs.org/stream-chain/-/stream-chain-2.2.5.tgz"
  integrity sha512-1TJmBx6aSWqZ4tx7aTpBDXK0/e2hhcNSTV8+CbFJtDjbb+I1mZ8lHit0Grw9GRT+6JbIrrDd8esncgBi8aBXGA==

stream-json@^1.9.1:
  version "1.9.1"
  resolved "https://registry.npmjs.org/stream-json/-/stream-json-1.9.1.tgz"
  integrity sha512-uWkjJ+2Nt/LO9Z/JyKZbMusL8Dkh97uUBTv3AJQ74y07lVahLY4eEFsPsE97pxYBwr8nnjMAIch5eqI0gPShyw==
  dependencies:
    stream-chain "^2.2.5"

superstruct@^2.0.2:
  version "2.0.2"
  resolved "https://registry.npmjs.org/superstruct/-/superstruct-2.0.2.tgz"
  integrity sha512-uV+TFRZdXsqXTL2pRvujROjdZQ4RAlBUS5BTh9IGm+jTqQntYThciG/qu57Gs69yjnVUSqdxF9YLmSnpupBW9A==

text-encoding-utf-8@^1.0.2:
  version "1.0.2"
  resolved "https://registry.npmjs.org/text-encoding-utf-8/-/text-encoding-utf-8-1.0.2.tgz"
  integrity sha512-8bw4MY9WjdsD2aMtO0OzOCY3pXGYNx2d2FfHRVUKkiCPDWjKuOlhLVASS+pD7VkLTVjW268LYJHwsnPFlBpbAg==

tr46@~0.0.3:
  version "0.0.3"
  resolved "https://registry.npmjs.org/tr46/-/tr46-0.0.3.tgz"
  integrity sha512-N3WMsuqV66lT30CrXNbEjx4GEwlow3v6rr4mCcv6prnfwhS01rkgyFdjPNBYd9br7LpXV1+Emh01fHnq2Gdgrw==

tslib@2.7.0:
  version "2.7.0"
  resolved "https://registry.npmjs.org/tslib/-/tslib-2.7.0.tgz"
  integrity sha512-gLXCKdN1/j47AiHiOkJN69hJmcbGTHI0ImLmbYLHykhgeN0jVGola9yVjFgzCUklsZQMW55o+dW7IXv3RCXDzA==

tslib@^2.1.0, tslib@^2.7.0, tslib@^2.8.0, tslib@^2.8.1:
  version "2.8.1"
  resolved "https://registry.npmjs.org/tslib/-/tslib-2.8.1.tgz"
  integrity sha512-oJFu94HQb+KVduSUQL7wnpmqnfmLsOA/nAh6b6EH0wCEoK0/mPeXU6c3wKDV83MkOuHPRHtSXKKU99IBazS/2w==

typeforce@^1.11.3:
  version "1.18.0"
  resolved "https://registry.yarnpkg.com/typeforce/-/typeforce-1.18.0.tgz#d7416a2c5845e085034d70fcc5b6cc4a90edbfdc"
  integrity sha512-7uc1O8h1M1g0rArakJdf0uLRSSgFcYexrVoKo+bzJd32gd4gDy2L/Z+8/FjPnU9ydY3pEnVPtr9FyscYY60K1g==

undici-types@~6.19.2:
  version "6.19.8"
  resolved "https://registry.npmjs.org/undici-types/-/undici-types-6.19.8.tgz"
  integrity sha512-ve2KP6f/JnbPBFyobGHuerC9g1FYGn/F8n1LWTwNxCEzd6IfqTwUQcNXgEtmmQ6DlRrC1hrSrBnCZPokRrDHjw==

undici-types@~6.21.0:
  version "6.21.0"
  resolved "https://registry.npmjs.org/undici-types/-/undici-types-6.21.0.tgz"
  integrity sha512-iwDZqg0QAGrg9Rav5H4n0M64c3mkR59cJ6wQp+7C4nI0gsmExaedaYLNO44eT4AtBBwjbTiGPMlt2Md0T9H9JQ==

utf-8-validate@^5.0.2:
  version "5.0.10"
  resolved "https://registry.npmjs.org/utf-8-validate/-/utf-8-validate-5.0.10.tgz"
  integrity sha512-Z6czzLq4u8fPOyx7TU6X3dvUZVvoJmxSQ+IcrlmagKhilxlhZgxPK6C5Jqbkw1IDUmFTM+cz9QDnnLTwDz/2gQ==
  dependencies:
    node-gyp-build "^4.3.0"

uuid@^8.3.2:
  version "8.3.2"
  resolved "https://registry.npmjs.org/uuid/-/uuid-8.3.2.tgz"
  integrity sha512-+NYs2QeMWy+GWFOEm9xnn6HCDp0l7QBD7ml8zLUmJ+93Q5NF0NocErnwkTkXVFNiX3/fpC6afS8Dhb/gz7R7eg==

varuint-bitcoin@^1.1.2:
  version "1.1.2"
  resolved "https://registry.yarnpkg.com/varuint-bitcoin/-/varuint-bitcoin-1.1.2.tgz#e76c138249d06138b480d4c5b40ef53693e24e92"
  integrity sha512-4EVb+w4rx+YfVM32HQX42AbbT7/1f5zwAYhIujKXKk8NQK+JfRVl3pqT3hjNn/L+RstigmGGKVwHA/P0wgITZw==
  dependencies:
    safe-buffer "^5.1.1"

web-streams-polyfill@^3.0.3:
  version "3.3.3"
  resolved "https://registry.yarnpkg.com/web-streams-polyfill/-/web-streams-polyfill-3.3.3.tgz#2073b91a2fdb1fbfbd401e7de0ac9f8214cecb4b"
  integrity sha512-d2JWLCivmZYTSIoge9MsgFCZrt571BikcWGYkjC1khllbTeDlGqZ2D8vD8E/lJa8WGWbb7Plm8/XJYV7IJHZZw==

webidl-conversions@^3.0.0:
  version "3.0.1"
  resolved "https://registry.npmjs.org/webidl-conversions/-/webidl-conversions-3.0.1.tgz"
  integrity sha512-2JAn3z8AR6rjK8Sm8orRC0h/bcl/DqL7tRPdGZ4I1CjdF+EaMLmYxBHyXuKL849eucPFhvBoxMsflfOb8kxaeQ==

whatwg-url@^5.0.0:
  version "5.0.0"
  resolved "https://registry.npmjs.org/whatwg-url/-/whatwg-url-5.0.0.tgz"
  integrity sha512-saE57nupxk6v3HY35+jzBwYa0rKSy0XR8JSxZPwgLr7ys0IBzhGviA1/TUGJLmSVqs8pb9AnvICXEuOHLprYTw==
  dependencies:
    tr46 "~0.0.3"
    webidl-conversions "^3.0.0"

ws@8.17.1:
  version "8.17.1"
  resolved "https://registry.npmjs.org/ws/-/ws-8.17.1.tgz"
  integrity sha512-6XQFvXTkbfUOZOKKILFG1PDK2NDQs4azKQl26T0YS5CxqWLgXajbPZ+h4gZekJyRqFU8pvnbAbbs/3TgRPy+GQ==

ws@^7.5.10:
  version "7.5.10"
  resolved "https://registry.npmjs.org/ws/-/ws-7.5.10.tgz"
  integrity sha512-+dbF1tHwZpXcbOJdVOkzLDxZP1ailvSxM6ZweXTegylPny803bFhA+vqBYw4s31NSAk4S2Qz+AKXK9a4wkdjcQ==

ws@^8.18.0, ws@^8.5.0, ws@^8.8.1:
  version "8.18.1"
  resolved "https://registry.npmjs.org/ws/-/ws-8.18.1.tgz"
  integrity sha512-RKW2aJZMXeMxVpnZ6bck+RswznaxmzdULiBr6KY7XkTnW8uvt0iT9H5DkHUChXrc+uurzwa0rVI16n/Xzjdz1w==
